
Microsoft Visual Studio Solution File, Format Version 12.00
# Visual Studio 14
VisualStudioVersion = 14.0.25420.1
MinimumVisualStudioVersion = 10.0.40219.1
Project("{FAE04EC0-301F-11D3-BF4B-00C04F79EFBC}") = "01_SortTimes", "01_SortTimes\01_SortTimes.csproj", "{BE819457-2F40-4ADD-AAB6-E7AED4B8BEEB}"
EndProject
Project("{FAE04EC0-301F-11D3-BF4B-00C04F79EFBC}") = "02_OddFilter", "02_OddFilter\02_OddFilter.csproj", "{11063028-2889-4E90-B849-B6D3936AC636}"
EndProject
Project("{FAE04EC0-301F-11D3-BF4B-00C04F79EFBC}") = "03_ImmuneSystem", "03_ImmuneSystem\03_ImmuneSystem.csproj", "{661F991C-C893-4253-8BEB-FD93DBD56774}"
EndProject
Project("{FAE04EC0-301F-11D3-BF4B-00C04F79EFBC}") = "04_SuperMarketDatabase", "04_SuperMarketDatabase\04_SuperMarketDatabase.csproj", "{535F11F2-C6E3-4B7A-90F0-69D288D1C0BA}"
EndProject
Project("{FAE04EC0-301F-11D3-BF4B-00C04F79EFBC}") = "05_ParkingValidation", "05_ParkingValidation\05_ParkingValidation.csproj", "{93014A59-9D48-4F7E-BAFA-75353A2AB3C7}"
EndProject
Project("{FAE04EC0-301F-11D3-BF4B-00C04F79EFBC}") = "06_ByteFlip", "06_ByteFlip\06_ByteFlip.csproj", "{BF3BCB1C-CCFA-43B7-BD69-8C773356DC63}"
EndProject
Project("{FAE04EC0-301F-11D3-BF4B-00C04F79EFBC}") = "07_TakeSkipRope", "07_TakeSkipRope\07_TakeSkipRope.csproj", "{3D056E79-A198-4C4D-A0CE-8CC2A42F226F}"
EndProject
Global
	GlobalSection(SolutionConfigurationPlatforms) = preSolution
		Debug|Any CPU = Debug|Any CPU
		Release|Any CPU = Release|Any CPU
	EndGlobalSection
	GlobalSection(ProjectConfigurationPlatforms) = postSolution
		{BE819457-2F40-4ADD-AAB6-E7AED4B8BEEB}.Debug|Any CPU.ActiveCfg = Debug|Any CPU
		{BE819457-2F40-4ADD-AAB6-E7AED4B8BEEB}.Debug|Any CPU.Build.0 = Debug|Any CPU
		{BE819457-2F40-4ADD-AAB6-E7AED4B8BEEB}.Release|Any CPU.ActiveCfg = Release|Any CPU
		{BE819457-2F40-4ADD-AAB6-E7AED4B8BEEB}.Release|Any CPU.Build.0 = Release|Any CPU
		{11063028-2889-4E90-B849-B6D3936AC636}.Debug|Any CPU.ActiveCfg = Debug|Any CPU
		{11063028-2889-4E90-B849-B6D3936AC636}.Debug|Any CPU.Build.0 = Debug|Any CPU
		{11063028-2889-4E90-B849-B6D3936AC636}.Release|Any CPU.ActiveCfg = Release|Any CPU
		{11063028-2889-4E90-B849-B6D3936AC636}.Release|Any CPU.Build.0 = Release|Any CPU
		{661F991C-C893-4253-8BEB-FD93DBD56774}.Debug|Any CPU.ActiveCfg = Debug|Any CPU
		{661F991C-C893-4253-8BEB-FD93DBD56774}.Debug|Any CPU.Build.0 = Debug|Any CPU
		{661F991C-C893-4253-8BEB-FD93DBD56774}.Release|Any CPU.ActiveCfg = Release|Any CPU
		{661F991C-C893-4253-8BEB-FD93DBD56774}.Release|Any CPU.Build.0 = Release|Any CPU
		{535F11F2-C6E3-4B7A-90F0-69D288D1C0BA}.Debug|Any CPU.ActiveCfg = Debug|Any CPU
		{535F11F2-C6E3-4B7A-90F0-69D288D1C0BA}.Debug|Any CPU.Build.0 = Debug|Any CPU
		{535F11F2-C6E3-4B7A-90F0-69D288D1C0BA}.Release|Any CPU.ActiveCfg = Release|Any CPU
		{535F11F2-C6E3-4B7A-90F0-69D288D1C0BA}.Release|Any CPU.Build.0 = Release|Any CPU
		{93014A59-9D48-4F7E-BAFA-75353A2AB3C7}.Debug|Any CPU.ActiveCfg = Debug|Any CPU
		{93014A59-9D48-4F7E-BAFA-75353A2AB3C7}.Debug|Any CPU.Build.0 = Debug|Any CPU
		{93014A59-9D48-4F7E-BAFA-75353A2AB3C7}.Release|Any CPU.ActiveCfg = Release|Any CPU
		{93014A59-9D48-4F7E-BAFA-75353A2AB3C7}.Release|Any CPU.Build.0 = Release|Any CPU
		{BF3BCB1C-CCFA-43B7-BD69-8C773356DC63}.Debug|Any CPU.ActiveCfg = Debug|Any CPU
		{BF3BCB1C-CCFA-43B7-BD69-8C773356DC63}.Debug|Any CPU.Build.0 = Debug|Any CPU
		{BF3BCB1C-CCFA-43B7-BD69-8C773356DC63}.Release|Any CPU.ActiveCfg = Release|Any CPU
		{BF3BCB1C-CCFA-43B7-BD69-8C773356DC63}.Release|Any CPU.Build.0 = Release|Any CPU
		{3D056E79-A198-4C4D-A0CE-8CC2A42F226F}.Debug|Any CPU.ActiveCfg = Debug|Any CPU
		{3D056E79-A198-4C4D-A0CE-8CC2A42F226F}.Debug|Any CPU.Build.0 = Debug|Any CPU
		{3D056E79-A198-4C4D-A0CE-8CC2A42F226F}.Release|Any CPU.ActiveCfg = Release|Any CPU
		{3D056E79-A198-4C4D-A0CE-8CC2A42F226F}.Release|Any CPU.Build.0 = Release|Any CPU
	EndGlobalSection
	GlobalSection(SolutionProperties) = preSolution
		HideSolutionNode = FALSE
	EndGlobalSection
EndGlobal
