
Microsoft Visual Studio Solution File, Format Version 12.00
# Visual Studio 14
VisualStudioVersion = 14.0.25420.1
MinimumVisualStudioVersion = 10.0.40219.1
Project("{FAE04EC0-301F-11D3-BF4B-00C04F79EFBC}") = "01_Greeting", "01_Greeting\01_Greeting.csproj", "{E46270DA-C4F6-4D77-9B4E-F162F6323B73}"
EndProject
Project("{FAE04EC0-301F-11D3-BF4B-00C04F79EFBC}") = "02_AddTwoNums", "02_AddTwoNums\02_AddTwoNums.csproj", "{9A2C6F15-4D5A-4888-97C9-78188800DF27}"
EndProject
Project("{FAE04EC0-301F-11D3-BF4B-00C04F79EFBC}") = "03_EmployeeData", "03_EmployeeData\03_EmployeeData.csproj", "{B76E6F30-6A3F-4462-B9DB-7081BF26DBEC}"
EndProject
Global
	GlobalSection(SolutionConfigurationPlatforms) = preSolution
		Debug|Any CPU = Debug|Any CPU
		Release|Any CPU = Release|Any CPU
	EndGlobalSection
	GlobalSection(ProjectConfigurationPlatforms) = postSolution
		{E46270DA-C4F6-4D77-9B4E-F162F6323B73}.Debug|Any CPU.ActiveCfg = Debug|Any CPU
		{E46270DA-C4F6-4D77-9B4E-F162F6323B73}.Debug|Any CPU.Build.0 = Debug|Any CPU
		{E46270DA-C4F6-4D77-9B4E-F162F6323B73}.Release|Any CPU.ActiveCfg = Release|Any CPU
		{E46270DA-C4F6-4D77-9B4E-F162F6323B73}.Release|Any CPU.Build.0 = Release|Any CPU
		{9A2C6F15-4D5A-4888-97C9-78188800DF27}.Debug|Any CPU.ActiveCfg = Debug|Any CPU
		{9A2C6F15-4D5A-4888-97C9-78188800DF27}.Debug|Any CPU.Build.0 = Debug|Any CPU
		{9A2C6F15-4D5A-4888-97C9-78188800DF27}.Release|Any CPU.ActiveCfg = Release|Any CPU
		{9A2C6F15-4D5A-4888-97C9-78188800DF27}.Release|Any CPU.Build.0 = Release|Any CPU
		{B76E6F30-6A3F-4462-B9DB-7081BF26DBEC}.Debug|Any CPU.ActiveCfg = Debug|Any CPU
		{B76E6F30-6A3F-4462-B9DB-7081BF26DBEC}.Debug|Any CPU.Build.0 = Debug|Any CPU
		{B76E6F30-6A3F-4462-B9DB-7081BF26DBEC}.Release|Any CPU.ActiveCfg = Release|Any CPU
		{B76E6F30-6A3F-4462-B9DB-7081BF26DBEC}.Release|Any CPU.Build.0 = Release|Any CPU
	EndGlobalSection
	GlobalSection(SolutionProperties) = preSolution
		HideSolutionNode = FALSE
	EndGlobalSection
EndGlobal
