
Microsoft Visual Studio Solution File, Format Version 12.00
# Visual Studio 14
VisualStudioVersion = 14.0.25420.1
MinimumVisualStudioVersion = 10.0.40219.1
Project("{FAE04EC0-301F-11D3-BF4B-00C04F79EFBC}") = "01_CharityMarathon", "01_CharityMarathon\01_CharityMarathon.csproj", "{25C1D53F-82B2-4C0D-8C77-61611105FF78}"
EndProject
Project("{FAE04EC0-301F-11D3-BF4B-00C04F79EFBC}") = "02_LadyBugs", "02_LadyBugs\02_LadyBugs.csproj", "{888ECD3E-B3F6-485B-A924-6737A973C38F}"
EndProject
Project("{FAE04EC0-301F-11D3-BF4B-00C04F79EFBC}") = "03_NetherRealms", "03_NetherRealms\03_NetherRealms.csproj", "{24FB98FA-03B2-4D20-A0F4-368EED323F7C}"
EndProject
Project("{FAE04EC0-301F-11D3-BF4B-00C04F79EFBC}") = "04_RoliTheCoder", "04_RoliTheCoder\04_RoliTheCoder.csproj", "{D72285DE-A2DB-4E78-973E-D481A76B83C2}"
EndProject
Global
	GlobalSection(SolutionConfigurationPlatforms) = preSolution
		Debug|Any CPU = Debug|Any CPU
		Release|Any CPU = Release|Any CPU
	EndGlobalSection
	GlobalSection(ProjectConfigurationPlatforms) = postSolution
		{25C1D53F-82B2-4C0D-8C77-61611105FF78}.Debug|Any CPU.ActiveCfg = Debug|Any CPU
		{25C1D53F-82B2-4C0D-8C77-61611105FF78}.Debug|Any CPU.Build.0 = Debug|Any CPU
		{25C1D53F-82B2-4C0D-8C77-61611105FF78}.Release|Any CPU.ActiveCfg = Release|Any CPU
		{25C1D53F-82B2-4C0D-8C77-61611105FF78}.Release|Any CPU.Build.0 = Release|Any CPU
		{888ECD3E-B3F6-485B-A924-6737A973C38F}.Debug|Any CPU.ActiveCfg = Debug|Any CPU
		{888ECD3E-B3F6-485B-A924-6737A973C38F}.Debug|Any CPU.Build.0 = Debug|Any CPU
		{888ECD3E-B3F6-485B-A924-6737A973C38F}.Release|Any CPU.ActiveCfg = Release|Any CPU
		{888ECD3E-B3F6-485B-A924-6737A973C38F}.Release|Any CPU.Build.0 = Release|Any CPU
		{24FB98FA-03B2-4D20-A0F4-368EED323F7C}.Debug|Any CPU.ActiveCfg = Debug|Any CPU
		{24FB98FA-03B2-4D20-A0F4-368EED323F7C}.Debug|Any CPU.Build.0 = Debug|Any CPU
		{24FB98FA-03B2-4D20-A0F4-368EED323F7C}.Release|Any CPU.ActiveCfg = Release|Any CPU
		{24FB98FA-03B2-4D20-A0F4-368EED323F7C}.Release|Any CPU.Build.0 = Release|Any CPU
		{D72285DE-A2DB-4E78-973E-D481A76B83C2}.Debug|Any CPU.ActiveCfg = Debug|Any CPU
		{D72285DE-A2DB-4E78-973E-D481A76B83C2}.Debug|Any CPU.Build.0 = Debug|Any CPU
		{D72285DE-A2DB-4E78-973E-D481A76B83C2}.Release|Any CPU.ActiveCfg = Release|Any CPU
		{D72285DE-A2DB-4E78-973E-D481A76B83C2}.Release|Any CPU.Build.0 = Release|Any CPU
	EndGlobalSection
	GlobalSection(SolutionProperties) = preSolution
		HideSolutionNode = FALSE
	EndGlobalSection
EndGlobal
